PODS:
  - Alamofire (5.9.1)
  - IQKeyboardManagerSwift (7.0.3)
  - ReachabilitySwift (5.2.3)
  - SDWebImage (5.19.2):
    - SDWebImage/Core (= 5.19.2)
  - SDWebImage/Core (5.19.2)

DEPENDENCIES:
  - Alamofire (~> 5.6)
  - IQKeyboardManagerSwift
  - ReachabilitySwift (~> 5.2)
  - SDWebImage (~> 5.19)

SPEC REPOS:
  trunk:
    - Alamofire
    - IQKeyboardManagerSwift
    - ReachabilitySwift
    - SDWebImage

SPEC CHECKSUMS:
  Alamofire: f36a35757af4587d8e4f4bfa223ad10be2422b8c
  IQKeyboardManagerSwift: f9c5dc36cba16ddd2e51fa7d51c34a2e083029b5
  ReachabilitySwift: 7f151ff156cea1481a8411701195ac6a984f4979
  SDWebImage: dfe95b2466a9823cf9f0c6d01217c06550d7b29a

PODFILE CHECKSUM: 4f7e5a57e65ff7bc685f46b62eb84be1bd4e309f

COCOAPODS: 1.15.2
